// !$*UTF8*$!
{
	archiveVersion = 1;
	classes = {
	};
	objectVersion = 48;
	objects = {

/* Begin PBXBuildFile section */
		128C42AA2018F317007471FA /* WeatherDisplayViewController.swift in Sources */ = {isa = PBXBuildFile; fileRef = 128C42A92018F317007471FA /* WeatherDisplayViewController.swift */; };
		128C42AC2024B871007471FA /* GetRealTimeWeatherRequest.swift in Sources */ = {isa = PBXBuildFile; fileRef = 128C42AB2024B871007471FA /* GetRealTimeWeatherRequest.swift */; };
		128C42AE2024B8A8007471FA /* GetWeatherForecastRequest.swift in Sources */ = {isa = PBXBuildFile; fileRef = 128C42AD2024B8A8007471FA /* GetWeatherForecastRequest.swift */; };
		129374C5200FA1940012B857 /* AppDelegate.swift in Sources */ = {isa = PBXBuildFile; fileRef = 129374C4200FA1940012B857 /* AppDelegate.swift */; };
		129374C7200FA1940012B857 /* ViewController.swift in Sources */ = {isa = PBXBuildFile; fileRef = 129374C6200FA1940012B857 /* ViewController.swift */; };
		129374CA200FA1940012B857 /* Main.storyboard in Resources */ = {isa = PBXBuildFile; fileRef = 129374C8200FA1940012B857 /* Main.storyboard */; };
		129374CC200FA1940012B857 /* Assets.xcassets in Resources */ = {isa = PBXBuildFile; fileRef = 129374CB200FA1940012B857 /* Assets.xcassets */; };
		129374CF200FA1940012B857 /* LaunchScreen.storyboard in Resources */ = {isa = PBXBuildFile; fileRef = 129374CD200FA1940012B857 /* LaunchScreen.storyboard */; };
		129374DA200FA1940012B857 /* PhenomenaTests.swift in Sources */ = {isa = PBXBuildFile; fileRef = 129374D9200FA1940012B857 /* PhenomenaTests.swift */; };
		129374E5200FA1940012B857 /* PhenomenaUITests.swift in Sources */ = {isa = PBXBuildFile; fileRef = 129374E4200FA1940012B857 /* PhenomenaUITests.swift */; };
		599936647C03A9F8624F1CD2 /* Pods_Phenomena.framework in Frameworks */ = {isa = PBXBuildFile; fileRef = 1F9731FFD5D29EB2A9A35AC9 /* Pods_Phenomena.framework */; };
		9280397F5332A950E78727D7 /* Pods_PhenomenaUITests.framework in Frameworks */ = {isa = PBXBuildFile; fileRef = 4277781D8AC7AA9BE1A232C5 /* Pods_PhenomenaUITests.framework */; };
		E6F0F137C7D238EF62B87116 /* Pods_PhenomenaTests.framework in Frameworks */ = {isa = PBXBuildFile; fileRef = 67CF5FA1C316FFC530E7EE43 /* Pods_PhenomenaTests.framework */; };
/* End PBXBuildFile section */

/* Begin PBXContainerItemProxy section */
		129374D6200FA1940012B857 /* PBXContainerItemProxy */ = {
			isa = PBXContainerItemProxy;
			containerPortal = 129374B9200FA1940012B857 /* Project object */;
			proxyType = 1;
			remoteGlobalIDString = 129374C0200FA1940012B857;
			remoteInfo = Phenomena;
		};
		129374E1200FA1940012B857 /* PBXContainerItemProxy */ = {
			isa = PBXContainerItemProxy;
			containerPortal = 129374B9200FA1940012B857 /* Project object */;
			proxyType = 1;
			remoteGlobalIDString = 129374C0200FA1940012B857;
			remoteInfo = Phenomena;
		};
/* End PBXContainerItemProxy section */

/* Begin PBXFileReference section */
		128C42A92018F317007471FA /* WeatherDisplayViewController.swift */ = {isa = PBXFileReference; lastKnownFileType = sourcecode.swift; path = WeatherDisplayViewController.swift; sourceTree = "<group>"; };
		128C42AB2024B871007471FA /* GetRealTimeWeatherRequest.swift */ = {isa = PBXFileReference; lastKnownFileType = sourcecode.swift; path = GetRealTimeWeatherRequest.swift; sourceTree = "<group>"; };
		128C42AD2024B8A8007471FA /* GetWeatherForecastRequest.swift */ = {isa = PBXFileReference; lastKnownFileType = sourcecode.swift; path = GetWeatherForecastRequest.swift; sourceTree = "<group>"; };
		129374C1200FA1940012B857 /* Phenomena.app */ = {isa = PBXFileReference; explicitFileType = wrapper.application; includeInIndex = 0; path = Phenomena.app; sourceTree = BUILT_PRODUCTS_DIR; };
		129374C4200FA1940012B857 /* AppDelegate.swift */ = {isa = PBXFileReference; lastKnownFileType = sourcecode.swift; path = AppDelegate.swift; sourceTree = "<group>"; };
		129374C6200FA1940012B857 /* ViewController.swift */ = {isa = PBXFileReference; lastKnownFileType = sourcecode.swift; path = ViewController.swift; sourceTree = "<group>"; };
		129374C9200FA1940012B857 /* Base */ = {isa = PBXFileReference; lastKnownFileType = file.storyboard; name = Base; path = Base.lproj/Main.storyboard; sourceTree = "<group>"; };
		129374CB200FA1940012B857 /* Assets.xcassets */ = {isa = PBXFileReference; lastKnownFileType = folder.assetcatalog; path = Assets.xcassets; sourceTree = "<group>"; };
		129374CE200FA1940012B857 /* Base */ = {isa = PBXFileReference; lastKnownFileType = file.storyboard; name = Base; path = Base.lproj/LaunchScreen.storyboard; sourceTree = "<group>"; };
		129374D0200FA1940012B857 /* Info.plist */ = {isa = PBXFileReference; lastKnownFileType = text.plist.xml; path = Info.plist; sourceTree = "<group>"; };
		129374D5200FA1940012B857 /* PhenomenaTests.xctest */ = {isa = PBXFileReference; explicitFileType = wrapper.cfbundle; includeInIndex = 0; path = PhenomenaTests.xctest; sourceTree = BUILT_PRODUCTS_DIR; };
		129374D9200FA1940012B857 /* PhenomenaTests.swift */ = {isa = PBXFileReference; lastKnownFileType = sourcecode.swift; path = PhenomenaTests.swift; sourceTree = "<group>"; };
		129374DB200FA1940012B857 /* Info.plist */ = {isa = PBXFileReference; lastKnownFileType = text.plist.xml; path = Info.plist; sourceTree = "<group>"; };
		129374E0200FA1940012B857 /* PhenomenaUITests.xctest */ = {isa = PBXFileReference; explicitFileType = wrapper.cfbundle; includeInIndex = 0; path = PhenomenaUITests.xctest; sourceTree = BUILT_PRODUCTS_DIR; };
		129374E4200FA1940012B857 /* PhenomenaUITests.swift */ = {isa = PBXFileReference; lastKnownFileType = sourcecode.swift; path = PhenomenaUITests.swift; sourceTree = "<group>"; };
		129374E6200FA1940012B857 /* Info.plist */ = {isa = PBXFileReference; lastKnownFileType = text.plist.xml; path = Info.plist; sourceTree = "<group>"; };
		1C38F881F5A27A0E524C860A /* Pods-PhenomenaTests.debug.xcconfig */ = {isa = PBXFileReference; includeInIndex = 1; lastKnownFileType = text.xcconfig; name = "Pods-PhenomenaTests.debug.xcconfig"; path = "Pods/Target Support Files/Pods-PhenomenaTests/Pods-PhenomenaTests.debug.xcconfig"; sourceTree = "<group>"; };
		1F9731FFD5D29EB2A9A35AC9 /* Pods_Phenomena.framework */ = {isa = PBXFileReference; explicitFileType = wrapper.framework; includeInIndex = 0; path = Pods_Phenomena.framework; sourceTree = BUILT_PRODUCTS_DIR; };
		4277781D8AC7AA9BE1A232C5 /* Pods_PhenomenaUITests.framework */ = {isa = PBXFileReference; explicitFileType = wrapper.framework; includeInIndex = 0; path = Pods_PhenomenaUITests.framework; sourceTree = BUILT_PRODUCTS_DIR; };
		67CF5FA1C316FFC530E7EE43 /* Pods_PhenomenaTests.framework */ = {isa = PBXFileReference; explicitFileType = wrapper.framework; includeInIndex = 0; path = Pods_PhenomenaTests.framework; sourceTree = BUILT_PRODUCTS_DIR; };
		A75003E9D4A126B1D8ED6B23 /* Pods-PhenomenaTests.release.xcconfig */ = {isa = PBXFileReference; includeInIndex = 1; lastKnownFileType = text.xcconfig; name = "Pods-PhenomenaTests.release.xcconfig"; path = "Pods/Target Support Files/Pods-PhenomenaTests/Pods-PhenomenaTests.release.xcconfig"; sourceTree = "<group>"; };
		B249173A4C0BD466543AEC80 /* Pods-PhenomenaUITests.release.xcconfig */ = {isa = PBXFileReference; includeInIndex = 1; lastKnownFileType = text.xcconfig; name = "Pods-PhenomenaUITests.release.xcconfig"; path = "Pods/Target Support Files/Pods-PhenomenaUITests/Pods-PhenomenaUITests.release.xcconfig"; sourceTree = "<group>"; };
		B89634462481FF3314B22522 /* Pods-Phenomena.release.xcconfig */ = {isa = PBXFileReference; includeInIndex = 1; lastKnownFileType = text.xcconfig; name = "Pods-Phenomena.release.xcconfig"; path = "Pods/Target Support Files/Pods-Phenomena/Pods-Phenomena.release.xcconfig"; sourceTree = "<group>"; };
		D1B2D020D03C47440B2036EE /* Pods-Phenomena.debug.xcconfig */ = {isa = PBXFileReference; includeInIndex = 1; lastKnownFileType = text.xcconfig; name = "Pods-Phenomena.debug.xcconfig"; path = "Pods/Target Support Files/Pods-Phenomena/Pods-Phenomena.debug.xcconfig"; sourceTree = "<group>"; };
		E10EB7FB8FFF892059926351 /* Pods-PhenomenaUITests.debug.xcconfig */ = {isa = PBXFileReference; includeInIndex = 1; lastKnownFileType = text.xcconfig; name = "Pods-PhenomenaUITests.debug.xcconfig"; path = "Pods/Target Support Files/Pods-PhenomenaUITests/Pods-PhenomenaUITests.debug.xcconfig"; sourceTree = "<group>"; };
/* End PBXFileReference section */

/* Begin PBXFrameworksBuildPhase section */
		129374BE200FA1940012B857 /* Frameworks */ = {
			isa = PBXFrameworksBuildPhase;
			buildActionMask = 2147483647;
			files = (
				599936647C03A9F8624F1CD2 /* Pods_Phenomena.framework in Frameworks */,
			);
			runOnlyForDeploymentPostprocessing = 0;
		};
		129374D2200FA1940012B857 /* Frameworks */ = {
			isa = PBXFrameworksBuildPhase;
			buildActionMask = 2147483647;
			files = (
				E6F0F137C7D238EF62B87116 /* Pods_PhenomenaTests.framework in Frameworks */,
			);
			runOnlyForDeploymentPostprocessing = 0;
		};
		129374DD200FA1940012B857 /* Frameworks */ = {
			isa = PBXFrameworksBuildPhase;
			buildActionMask = 2147483647;
			files = (
				9280397F5332A950E78727D7 /* Pods_PhenomenaUITests.framework in Frameworks */,
			);
			runOnlyForDeploymentPostprocessing = 0;
		};
/* End PBXFrameworksBuildPhase section */

/* Begin PBXGroup section */
		128C42A62018F2AD007471FA /* Network */ = {
			isa = PBXGroup;
			children = (
				128C42AB2024B871007471FA /* GetRealTimeWeatherRequest.swift */,
				128C42AD2024B8A8007471FA /* GetWeatherForecastRequest.swift */,
			);
			path = Network;
			sourceTree = "<group>";
		};
		128C42A72018F2AD007471FA /* View */ = {
			isa = PBXGroup;
			children = (
			);
			path = View;
			sourceTree = "<group>";
		};
		128C42A82018F2AD007471FA /* Controller */ = {
			isa = PBXGroup;
			children = (
				128C42A92018F317007471FA /* WeatherDisplayViewController.swift */,
			);
			path = Controller;
			sourceTree = "<group>";
		};
		129374B8200FA1940012B857 = {
			isa = PBXGroup;
			children = (
				129374C3200FA1940012B857 /* Phenomena */,
				129374D8200FA1940012B857 /* PhenomenaTests */,
				129374E3200FA1940012B857 /* PhenomenaUITests */,
				129374C2200FA1940012B857 /* Products */,
				EE33A1E7DB183F2E0C199F41 /* Pods */,
				AFAA4948DA4D1738A14FC1BC /* Frameworks */,
			);
			sourceTree = "<group>";
		};
		129374C2200FA1940012B857 /* Products */ = {
			isa = PBXGroup;
			children = (
				129374C1200FA1940012B857 /* Phenomena.app */,
				129374D5200FA1940012B857 /* PhenomenaTests.xctest */,
				129374E0200FA1940012B857 /* PhenomenaUITests.xctest */,
			);
			name = Products;
			sourceTree = "<group>";
		};
		129374C3200FA1940012B857 /* Phenomena */ = {
			isa = PBXGroup;
			children = (
				128C42A82018F2AD007471FA /* Controller */,
				128C42A62018F2AD007471FA /* Network */,
				128C42A72018F2AD007471FA /* View */,
				129374C4200FA1940012B857 /* AppDelegate.swift */,
				129374C6200FA1940012B857 /* ViewController.swift */,
				129374C8200FA1940012B857 /* Main.storyboard */,
				129374CB200FA1940012B857 /* Assets.xcassets */,
				129374CD200FA1940012B857 /* LaunchScreen.storyboard */,
				129374D0200FA1940012B857 /* Info.plist */,
			);
			path = Phenomena;
			sourceTree = "<group>";
		};
		129374D8200FA1940012B857 /* PhenomenaTests */ = {
			isa = PBXGroup;
			children = (
				129374D9200FA1940012B857 /* PhenomenaTests.swift */,
				129374DB200FA1940012B857 /* Info.plist */,
			);
			path = PhenomenaTests;
			sourceTree = "<group>";
		};
		129374E3200FA1940012B857 /* PhenomenaUITests */ = {
			isa = PBXGroup;
			children = (
				129374E4200FA1940012B857 /* PhenomenaUITests.swift */,
				129374E6200FA1940012B857 /* Info.plist */,
			);
			path = PhenomenaUITests;
			sourceTree = "<group>";
		};
		AFAA4948DA4D1738A14FC1BC /* Frameworks */ = {
			isa = PBXGroup;
			children = (
				1F9731FFD5D29EB2A9A35AC9 /* Pods_Phenomena.framework */,
				67CF5FA1C316FFC530E7EE43 /* Pods_PhenomenaTests.framework */,
				4277781D8AC7AA9BE1A232C5 /* Pods_PhenomenaUITests.framework */,
			);
			name = Frameworks;
			sourceTree = "<group>";
		};
		EE33A1E7DB183F2E0C199F41 /* Pods */ = {
			isa = PBXGroup;
			children = (
				D1B2D020D03C47440B2036EE /* Pods-Phenomena.debug.xcconfig */,
				B89634462481FF3314B22522 /* Pods-Phenomena.release.xcconfig */,
				1C38F881F5A27A0E524C860A /* Pods-PhenomenaTests.debug.xcconfig */,
				A75003E9D4A126B1D8ED6B23 /* Pods-PhenomenaTests.release.xcconfig */,
				E10EB7FB8FFF892059926351 /* Pods-PhenomenaUITests.debug.xcconfig */,
				B249173A4C0BD466543AEC80 /* Pods-PhenomenaUITests.release.xcconfig */,
			);
			name = Pods;
			sourceTree = "<group>";
		};
/* End PBXGroup section */

/* Begin PBXNativeTarget section */
		129374C0200FA1940012B857 /* Phenomena */ = {
			isa = PBXNativeTarget;
			buildConfigurationList = 129374E9200FA1940012B857 /* Build configuration list for PBXNativeTarget "Phenomena" */;
			buildPhases = (
				463B300EDAF376E38E9BFF35 /* [CP] Check Pods Manifest.lock */,
				129374BD200FA1940012B857 /* Sources */,
				129374BE200FA1940012B857 /* Frameworks */,
				129374BF200FA1940012B857 /* Resources */,
				E9FCF6287255E0F5A288D3FA /* [CP] Embed Pods Frameworks */,
				FBE608B1DE460D9B2F52A3C9 /* [CP] Copy Pods Resources */,
			);
			buildRules = (
			);
			dependencies = (
			);
			name = Phenomena;
			productName = Phenomena;
			productReference = 129374C1200FA1940012B857 /* Phenomena.app */;
			productType = "com.apple.product-type.application";
		};
		129374D4200FA1940012B857 /* PhenomenaTests */ = {
			isa = PBXNativeTarget;
			buildConfigurationList = 129374EC200FA1940012B857 /* Build configuration list for PBXNativeTarget "PhenomenaTests" */;
			buildPhases = (
				3D061D95FF67E58B9E1993C6 /* [CP] Check Pods Manifest.lock */,
				129374D1200FA1940012B857 /* Sources */,
				129374D2200FA1940012B857 /* Frameworks */,
				129374D3200FA1940012B857 /* Resources */,
				2364264D66D1F97394B5D6A5 /* [CP] Embed Pods Frameworks */,
				AF19200AA6372D9A7B845D41 /* [CP] Copy Pods Resources */,
			);
			buildRules = (
			);
			dependencies = (
				129374D7200FA1940012B857 /* PBXTargetDependency */,
			);
			name = PhenomenaTests;
			productName = PhenomenaTests;
			productReference = 129374D5200FA1940012B857 /* PhenomenaTests.xctest */;
			productType = "com.apple.product-type.bundle.unit-test";
		};
		129374DF200FA1940012B857 /* PhenomenaUITests */ = {
			isa = PBXNativeTarget;
			buildConfigurationList = 129374EF200FA1940012B857 /* Build configuration list for PBXNativeTarget "PhenomenaUITests" */;
			buildPhases = (
				02FCBD25D4A5B4C76590A111 /* [CP] Check Pods Manifest.lock */,
				129374DC200FA1940012B857 /* Sources */,
				129374DD200FA1940012B857 /* Frameworks */,
				129374DE200FA1940012B857 /* Resources */,
				2F3C337481FE3CE25837334E /* [CP] Embed Pods Frameworks */,
				DB55AEC9B38D01FA9C36DE9C /* [CP] Copy Pods Resources */,
			);
			buildRules = (
			);
			dependencies = (
				129374E2200FA1940012B857 /* PBXTargetDependency */,
			);
			name = PhenomenaUITests;
			productName = PhenomenaUITests;
			productReference = 129374E0200FA1940012B857 /* PhenomenaUITests.xctest */;
			productType = "com.apple.product-type.bundle.ui-testing";
		};
/* End PBXNativeTarget section */

/* Begin PBXProject section */
		129374B9200FA1940012B857 /* Project object */ = {
			isa = PBXProject;
			attributes = {
				LastSwiftUpdateCheck = 0920;
				LastUpgradeCheck = 0920;
				ORGANIZATIONNAME = "Zzz Studio";
				TargetAttributes = {
					129374C0200FA1940012B857 = {
						CreatedOnToolsVersion = 9.2;
						ProvisioningStyle = Automatic;
					};
					129374D4200FA1940012B857 = {
						CreatedOnToolsVersion = 9.2;
						ProvisioningStyle = Automatic;
						TestTargetID = 129374C0200FA1940012B857;
					};
					129374DF200FA1940012B857 = {
						CreatedOnToolsVersion = 9.2;
						ProvisioningStyle = Automatic;
						TestTargetID = 129374C0200FA1940012B857;
					};
				};
			};
			buildConfigurationList = 129374BC200FA1940012B857 /* Build configuration list for PBXProject "Phenomena" */;
			compatibilityVersion = "Xcode 8.0";
			developmentRegion = en;
			hasScannedForEncodings = 0;
			knownRegions = (
				en,
				Base,
			);
			mainGroup = 129374B8200FA1940012B857;
			productRefGroup = 129374C2200FA1940012B857 /* Products */;
			projectDirPath = "";
			projectRoot = "";
			targets = (
				129374C0200FA1940012B857 /* Phenomena */,
				129374D4200FA1940012B857 /* PhenomenaTests */,
				129374DF200FA1940012B857 /* PhenomenaUITests */,
			);
		};
/* End PBXProject section */

/* Begin PBXResourcesBuildPhase section */
		129374BF200FA1940012B857 /* Resources */ = {
			isa = PBXResourcesBuildPhase;
			buildActionMask = 2147483647;
			files = (
				129374CF200FA1940012B857 /* LaunchScreen.storyboard in Resources */,
				129374CC200FA1940012B857 /* Assets.xcassets in Resources */,
				129374CA200FA1940012B857 /* Main.storyboard in Resources */,
			);
			runOnlyForDeploymentPostprocessing = 0;
		};
		129374D3200FA1940012B857 /* Resources */ = {
			isa = PBXResourcesBuildPhase;
			buildActionMask = 2147483647;
			files = (
			);
			runOnlyForDeploymentPostprocessing = 0;
		};
		129374DE200FA1940012B857 /* Resources */ = {
			isa = PBXResourcesBuildPhase;
			buildActionMask = 2147483647;
			files = (
			);
			runOnlyForDeploymentPostprocessing = 0;
		};
/* End PBXResourcesBuildPhase section */

/* Begin PBXShellScriptBuildPhase section */
		02FCBD25D4A5B4C76590A111 /* [CP] Check Pods Manifest.lock */ = {
			isa = PBXShellScriptBuildPhase;
			buildActionMask = 2147483647;
			files = (
			);
			inputPaths = (
				"${PODS_PODFILE_DIR_PATH}/Podfile.lock",
				"${PODS_ROOT}/Manifest.lock",
			);
			name = "[CP] Check Pods Manifest.lock";
			outputPaths = (
				"$(DERIVED_FILE_DIR)/Pods-PhenomenaUITests-checkManifestLockResult.txt",
			);
			runOnlyForDeploymentPostprocessing = 0;
			shellPath = /bin/sh;
			shellScript = "diff \"${PODS_PODFILE_DIR_PATH}/Podfile.lock\" \"${PODS_ROOT}/Manifest.lock\" > /dev/null\nif [ $? != 0 ] ; then\n    # print error to STDERR\n    echo \"error: The sandbox is not in sync with the Podfile.lock. Run 'pod install' or update your CocoaPods installation.\" >&2\n    exit 1\nfi\n# This output is used by Xcode 'outputs' to avoid re-running this script phase.\necho \"SUCCESS\" > \"${SCRIPT_OUTPUT_FILE_0}\"\n";
			showEnvVarsInLog = 0;
		};
		2364264D66D1F97394B5D6A5 /* [CP] Embed Pods Frameworks */ = {
			isa = PBXShellScriptBuildPhase;
			buildActionMask = 2147483647;
			files = (
			);
			inputPaths = (
			);
			name = "[CP] Embed Pods Frameworks";
			outputPaths = (
			);
			runOnlyForDeploymentPostprocessing = 0;
			shellPath = /bin/sh;
			shellScript = "\"${SRCROOT}/Pods/Target Support Files/Pods-PhenomenaTests/Pods-PhenomenaTests-frameworks.sh\"\n";
			showEnvVarsInLog = 0;
		};
		2F3C337481FE3CE25837334E /* [CP] Embed Pods Frameworks */ = {
			isa = PBXShellScriptBuildPhase;
			buildActionMask = 2147483647;
			files = (
			);
			inputPaths = (
			);
			name = "[CP] Embed Pods Frameworks";
			outputPaths = (
			);
			runOnlyForDeploymentPostprocessing = 0;
			shellPath = /bin/sh;
			shellScript = "\"${SRCROOT}/Pods/Target Support Files/Pods-PhenomenaUITests/Pods-PhenomenaUITests-frameworks.sh\"\n";
			showEnvVarsInLog = 0;
		};
		3D061D95FF67E58B9E1993C6 /* [CP] Check Pods Manifest.lock */ = {
			isa = PBXShellScriptBuildPhase;
			buildActionMask = 2147483647;
			files = (
			);
			inputPaths = (
				"${PODS_PODFILE_DIR_PATH}/Podfile.lock",
				"${PODS_ROOT}/Manifest.lock",
			);
			name = "[CP] Check Pods Manifest.lock";
			outputPaths = (
				"$(DERIVED_FILE_DIR)/Pods-PhenomenaTests-checkManifestLockResult.txt",
			);
			runOnlyForDeploymentPostprocessing = 0;
			shellPath = /bin/sh;
			shellScript = "diff \"${PODS_PODFILE_DIR_PATH}/Podfile.lock\" \"${PODS_ROOT}/Manifest.lock\" > /dev/null\nif [ $? != 0 ] ; then\n    # print error to STDERR\n    echo \"error: The sandbox is not in sync with the Podfile.lock. Run 'pod install' or update your CocoaPods installation.\" >&2\n    exit 1\nfi\n# This output is used by Xcode 'outputs' to avoid re-running this script phase.\necho \"SUCCESS\" > \"${SCRIPT_OUTPUT_FILE_0}\"\n";
			showEnvVarsInLog = 0;
		};
		463B300EDAF376E38E9BFF35 /* [CP] Check Pods Manifest.lock */ = {
			isa = PBXShellScriptBuildPhase;
			buildActionMask = 2147483647;
			files = (
			);
			inputPaths = (
				"${PODS_PODFILE_DIR_PATH}/Podfile.lock",
				"${PODS_ROOT}/Manifest.lock",
			);
			name = "[CP] Check Pods Manifest.lock";
			outputPaths = (
				"$(DERIVED_FILE_DIR)/Pods-Phenomena-checkManifestLockResult.txt",
			);
			runOnlyForDeploymentPostprocessing = 0;
			shellPath = /bin/sh;
			shellScript = "diff \"${PODS_PODFILE_DIR_PATH}/Podfile.lock\" \"${PODS_ROOT}/Manifest.lock\" > /dev/null\nif [ $? != 0 ] ; then\n    # print error to STDERR\n    echo \"error: The sandbox is not in sync with the Podfile.lock. Run 'pod install' or update your CocoaPods installation.\" >&2\n    exit 1\nfi\n# This output is used by Xcode 'outputs' to avoid re-running this script phase.\necho \"SUCCESS\" > \"${SCRIPT_OUTPUT_FILE_0}\"\n";
			showEnvVarsInLog = 0;
		};
		AF19200AA6372D9A7B845D41 /* [CP] Copy Pods Resources */ = {
			isa = PBXShellScriptBuildPhase;
			buildActionMask = 2147483647;
			files = (
			);
			inputPaths = (
			);
			name = "[CP] Copy Pods Resources";
			outputPaths = (
			);
			runOnlyForDeploymentPostprocessing = 0;
			shellPath = /bin/sh;
			shellScript = "\"${SRCROOT}/Pods/Target Support Files/Pods-PhenomenaTests/Pods-PhenomenaTests-resources.sh\"\n";
			showEnvVarsInLog = 0;
		};
		DB55AEC9B38D01FA9C36DE9C /* [CP] Copy Pods Resources */ = {
			isa = PBXShellScriptBuildPhase;
			buildActionMask = 2147483647;
			files = (
			);
			inputPaths = (
			);
			name = "[CP] Copy Pods Resources";
			outputPaths = (
			);
			runOnlyForDeploymentPostprocessing = 0;
			shellPath = /bin/sh;
			shellScript = "\"${SRCROOT}/Pods/Target Support Files/Pods-PhenomenaUITests/Pods-PhenomenaUITests-resources.sh\"\n";
			showEnvVarsInLog = 0;
		};
		E9FCF6287255E0F5A288D3FA /* [CP] Embed Pods Frameworks */ = {
			isa = PBXShellScriptBuildPhase;
			buildActionMask = 2147483647;
			files = (
			);
			inputPaths = (
				"${SRCROOT}/Pods/Target Support Files/Pods-Phenomena/Pods-Phenomena-frameworks.sh",
				"${BUILT_PRODUCTS_DIR}/Alamofire/Alamofire.framework",
				"${BUILT_PRODUCTS_DIR}/Realm/Realm.framework",
				"${BUILT_PRODUCTS_DIR}/RealmSwift/RealmSwift.framework",
			);
			name = "[CP] Embed Pods Frameworks";
			outputPaths = (
				"${TARGET_BUILD_DIR}/${FRAMEWORKS_FOLDER_PATH}/Alamofire.framework",
				"${TARGET_BUILD_DIR}/${FRAMEWORKS_FOLDER_PATH}/Realm.framework",
				"${TARGET_BUILD_DIR}/${FRAMEWORKS_FOLDER_PATH}/RealmSwift.framework",
			);
			runOnlyForDeploymentPostprocessing = 0;
			shellPath = /bin/sh;
			shellScript = "\"${SRCROOT}/Pods/Target Support Files/Pods-Phenomena/Pods-Phenomena-frameworks.sh\"\n";
			showEnvVarsInLog = 0;
		};
		FBE608B1DE460D9B2F52A3C9 /* [CP] Copy Pods Resources */ = {
			isa = PBXShellScriptBuildPhase;
			buildActionMask = 2147483647;
			files = (
			);
			inputPaths = (
			);
			name = "[CP] Copy Pods Resources";
			outputPaths = (
			);
			runOnlyForDeploymentPostprocessing = 0;
			shellPath = /bin/sh;
			shellScript = "\"${SRCROOT}/Pods/Target Support Files/Pods-Phenomena/Pods-Phenomena-resources.sh\"\n";
			showEnvVarsInLog = 0;
		};
/* End PBXShellScriptBuildPhase section */

/* Begin PBXSourcesBuildPhase section */
		129374BD200FA1940012B857 /* Sources */ = {
			isa = PBXSourcesBuildPhase;
			buildActionMask = 2147483647;
			files = (
				129374C7200FA1940012B857 /* ViewController.swift in Sources */,
				129374C5200FA1940012B857 /* AppDelegate.swift in Sources */,
				128C42AC2024B871007471FA /* GetRealTimeWeatherRequest.swift in Sources */,
				128C42AE2024B8A8007471FA /* GetWeatherForecastRequest.swift in Sources */,
				128C42AA2018F317007471FA /* WeatherDisplayViewController.swift in Sources */,
			);
			runOnlyForDeploymentPostprocessing = 0;
		};
		129374D1200FA1940012B857 /* Sources */ = {
			isa = PBXSourcesBuildPhase;
			buildActionMask = 2147483647;
			files = (
				129374DA200FA1940012B857 /* PhenomenaTests.swift in Sources */,
			);
			runOnlyForDeploymentPostprocessing = 0;
		};
		129374DC200FA1940012B857 /* Sources */ = {
			isa = PBXSourcesBuildPhase;
			buildActionMask = 2147483647;
			files = (
				129374E5200FA1940012B857 /* PhenomenaUITests.swift in Sources */,
			);
			runOnlyForDeploymentPostprocessing = 0;
		};
/* End PBXSourcesBuildPhase section */

/* Begin PBXTargetDependency section */
		129374D7200FA1940012B857 /* PBXTargetDependency */ = {
			isa = PBXTargetDependency;
			target = 129374C0200FA1940012B857 /* Phenomena */;
			targetProxy = 129374D6200FA1940012B857 /* PBXContainerItemProxy */;
		};
		129374E2200FA1940012B857 /* PBXTargetDependency */ = {
			isa = PBXTargetDependency;
			target = 129374C0200FA1940012B857 /* Phenomena */;
			targetProxy = 129374E1200FA1940012B857 /* PBXContainerItemProxy */;
		};
/* End PBXTargetDependency section */

/* Begin PBXVariantGroup section */
		129374C8200FA1940012B857 /* Main.storyboard */ = {
			isa = PBXVariantGroup;
			children = (
				129374C9200FA1940012B857 /* Base */,
			);
			name = Main.storyboard;
			sourceTree = "<group>";
		};
		129374CD200FA1940012B857 /* LaunchScreen.storyboard */ = {
			isa = PBXVariantGroup;
			children = (
				129374CE200FA1940012B857 /* Base */,
			);
			name = LaunchScreen.storyboard;
			sourceTree = "<group>";
		};
/* End PBXVariantGroup section */

/* Begin XCBuildConfiguration section */
		129374E7200FA1940012B857 /* Debug */ = {
			isa = XCBuildConfiguration;
			buildSettings = {
				ALWAYS_SEARCH_USER_PATHS = NO;
				CLANG_ANALYZER_NONNULL = YES;
				CLANG_ANALYZER_NUMBER_OBJECT_CONVERSION = YES_AGGRESSIVE;
				CLANG_CXX_LANGUAGE_STANDARD = "gnu++14";
				CLANG_CXX_LIBRARY = "libc++";
				CLANG_ENABLE_MODULES = YES;
				CLANG_ENABLE_OBJC_ARC = YES;
				CLANG_WARN_BLOCK_CAPTURE_AUTORELEASING = YES;
				CLANG_WARN_BOOL_CONVERSION = YES;
				CLANG_WARN_COMMA = YES;
				CLANG_WARN_CONSTANT_CONVERSION = YES;
				CLANG_WARN_DIRECT_OBJC_ISA_USAGE = YES_ERROR;
				CLANG_WARN_DOCUMENTATION_COMMENTS = YES;
				CLANG_WARN_EMPTY_BODY = YES;
				CLANG_WARN_ENUM_CONVERSION = YES;
				CLANG_WARN_INFINITE_RECURSION = YES;
				CLANG_WARN_INT_CONVERSION = YES;
				CLANG_WARN_NON_LITERAL_NULL_CONVERSION = YES;
				CLANG_WARN_OBJC_LITERAL_CONVERSION = YES;
				CLANG_WARN_OBJC_ROOT_CLASS = YES_ERROR;
				CLANG_WARN_RANGE_LOOP_ANALYSIS = YES;
				CLANG_WARN_STRICT_PROTOTYPES = YES;
				CLANG_WARN_SUSPICIOUS_MOVE = YES;
				CLANG_WARN_UNGUARDED_AVAILABILITY = YES_AGGRESSIVE;
				CLANG_WARN_UNREACHABLE_CODE = YES;
				CLANG_WARN__DUPLICATE_METHOD_MATCH = YES;
				CODE_SIGN_IDENTITY = "iPhone Developer";
				COPY_PHASE_STRIP = NO;
				DEBUG_INFORMATION_FORMAT = dwarf;
				ENABLE_STRICT_OBJC_MSGSEND = YES;
				ENABLE_TESTABILITY = YES;
				GCC_C_LANGUAGE_STANDARD = gnu11;
				GCC_DYNAMIC_NO_PIC = NO;
				GCC_NO_COMMON_BLOCKS = YES;
				GCC_OPTIMIZATION_LEVEL = 0;
				GCC_PREPROCESSOR_DEFINITIONS = (
					"DEBUG=1",
					"$(inherited)",
				);
				GCC_WARN_64_TO_32_BIT_CONVERSION = YES;
				GCC_WARN_ABOUT_RETURN_TYPE = YES_ERROR;
				GCC_WARN_UNDECLARED_SELECTOR = YES;
				GCC_WARN_UNINITIALIZED_AUTOS = YES_AGGRESSIVE;
				GCC_WARN_UNUSED_FUNCTION = YES;
				GCC_WARN_UNUSED_VARIABLE = YES;
				IPHONEOS_DEPLOYMENT_TARGET = 11.2;
				MTL_ENABLE_DEBUG_INFO = YES;
				ONLY_ACTIVE_ARCH = YES;
				SDKROOT = iphoneos;
				SWIFT_ACTIVE_COMPILATION_CONDITIONS = DEBUG;
				SWIFT_OPTIMIZATION_LEVEL = "-Onone";
			};
			name = Debug;
		};
		129374E8200FA1940012B857 /* Release */ = {
			isa = XCBuildConfiguration;
			buildSettings = {
				ALWAYS_SEARCH_USER_PATHS = NO;
				CLANG_ANALYZER_NONNULL = YES;
				CLANG_ANALYZER_NUMBER_OBJECT_CONVERSION = YES_AGGRESSIVE;
				CLANG_CXX_LANGUAGE_STANDARD = "gnu++14";
				CLANG_CXX_LIBRARY = "libc++";
				CLANG_ENABLE_MODULES = YES;
				CLANG_ENABLE_OBJC_ARC = YES;
				CLANG_WARN_BLOCK_CAPTURE_AUTORELEASING = YES;
				CLANG_WARN_BOOL_CONVERSION = YES;
				CLANG_WARN_COMMA = YES;
				CLANG_WARN_CONSTANT_CONVERSION = YES;
				CLANG_WARN_DIRECT_OBJC_ISA_USAGE = YES_ERROR;
				CLANG_WARN_DOCUMENTATION_COMMENTS = YES;
				CLANG_WARN_EMPTY_BODY = YES;
				CLANG_WARN_ENUM_CONVERSION = YES;
				CLANG_WARN_INFINITE_RECURSION = YES;
				CLANG_WARN_INT_CONVERSION = YES;
				CLANG_WARN_NON_LITERAL_NULL_CONVERSION = YES;
				CLANG_WARN_OBJC_LITERAL_CONVERSION = YES;
				CLANG_WARN_OBJC_ROOT_CLASS = YES_ERROR;
				CLANG_WARN_RANGE_LOOP_ANALYSIS = YES;
				CLANG_WARN_STRICT_PROTOTYPES = YES;
				CLANG_WARN_SUSPICIOUS_MOVE = YES;
				CLANG_WARN_UNGUARDED_AVAILABILITY = YES_AGGRESSIVE;
				CLANG_WARN_UNREACHABLE_CODE = YES;
				CLANG_WARN__DUPLICATE_METHOD_MATCH = YES;
				CODE_SIGN_IDENTITY = "iPhone Developer";
				COPY_PHASE_STRIP = NO;
				DEBUG_INFORMATION_FORMAT = "dwarf-with-dsym";
				ENABLE_NS_ASSERTIONS = NO;
				ENABLE_STRICT_OBJC_MSGSEND = YES;
				GCC_C_LANGUAGE_STANDARD = gnu11;
				GCC_NO_COMMON_BLOCKS = YES;
				GCC_WARN_64_TO_32_BIT_CONVERSION = YES;
				GCC_WARN_ABOUT_RETURN_TYPE = YES_ERROR;
				GCC_WARN_UNDECLARED_SELECTOR = YES;
				GCC_WARN_UNINITIALIZED_AUTOS = YES_AGGRESSIVE;
				GCC_WARN_UNUSED_FUNCTION = YES;
				GCC_WARN_UNUSED_VARIABLE = YES;
				IPHONEOS_DEPLOYMENT_TARGET = 11.2;
				MTL_ENABLE_DEBUG_INFO = NO;
				SDKROOT = iphoneos;
				SWIFT_OPTIMIZATION_LEVEL = "-Owholemodule";
				VALIDATE_PRODUCT = YES;
			};
			name = Release;
		};
		129374EA200FA1940012B857 /* Debug */ = {
			isa = XCBuildConfiguration;
			baseConfigurationReference = D1B2D020D03C47440B2036EE /* Pods-Phenomena.debug.xcconfig */;
			buildSettings = {
				ASSETCATALOG_COMPILER_APPICON_NAME = AppIcon;
				CODE_SIGN_STYLE = Automatic;
				DEVELOPMENT_TEAM = 6M3X5J4BE6;
				INFOPLIST_FILE = Phenomena/Info.plist;
				LD_RUNPATH_SEARCH_PATHS = "$(inherited) @executable_path/Frameworks";
				PRODUCT_BUNDLE_IDENTIFIER = studio.zzz.Phenomena;
				PRODUCT_NAME = "$(TARGET_NAME)";
				SWIFT_VERSION = 4.0;
				TARGETED_DEVICE_FAMILY = "1,2";
			};
			name = Debug;
		};
		129374EB200FA1940012B857 /* Release */ = {
			isa = XCBuildConfiguration;
			baseConfigurationReference = B89634462481FF3314B22522 /* Pods-Phenomena.release.xcconfig */;
			buildSettings = {
				ASSETCATALOG_COMPILER_APPICON_NAME = AppIcon;
				CODE_SIGN_STYLE = Automatic;
				DEVELOPMENT_TEAM = 6M3X5J4BE6;
				INFOPLIST_FILE = Phenomena/Info.plist;
				LD_RUNPATH_SEARCH_PATHS = "$(inherited) @executable_path/Frameworks";
				PRODUCT_BUNDLE_IDENTIFIER = studio.zzz.Phenomena;
				PRODUCT_NAME = "$(TARGET_NAME)";
				SWIFT_VERSION = 4.0;
				TARGETED_DEVICE_FAMILY = "1,2";
			};
			name = Release;
		};
		129374ED200FA1940012B857 /* Debug */ = {
			isa = XCBuildConfiguration;
			baseConfigurationReference = 1C38F881F5A27A0E524C860A /* Pods-PhenomenaTests.debug.xcconfig */;
			buildSettings = {
				ALWAYS_EMBED_SWIFT_STANDARD_LIBRARIES = YES;
				BUNDLE_LOADER = "$(TEST_HOST)";
				CODE_SIGN_STYLE = Automatic;
				DEVELOPMENT_TEAM = 6M3X5J4BE6;
				INFOPLIST_FILE = PhenomenaTests/Info.plist;
				LD_RUNPATH_SEARCH_PATHS = "$(inherited) @executable_path/Frameworks @loader_path/Frameworks";
				PRODUCT_BUNDLE_IDENTIFIER = studio.zzz.PhenomenaTests;
				PRODUCT_NAME = "$(TARGET_NAME)";
				SWIFT_VERSION = 4.0;
				TARGETED_DEVICE_FAMILY = "1,2";
				TEST_HOST = "$(BUILT_PRODUCTS_DIR)/Phenomena.app/Phenomena";
			};
			name = Debug;
		};
		129374EE200FA1940012B857 /* Release */ = {
			isa = XCBuildConfiguration;
			baseConfigurationReference = A75003E9D4A126B1D8ED6B23 /* Pods-PhenomenaTests.release.xcconfig */;
			buildSettings = {
				ALWAYS_EMBED_SWIFT_STANDARD_LIBRARIES = YES;
				BUNDLE_LOADER = "$(TEST_HOST)";
				CODE_SIGN_STYLE = Automatic;
				DEVELOPMENT_TEAM = 6M3X5J4BE6;
				INFOPLIST_FILE = PhenomenaTests/Info.plist;
				LD_RUNPATH_SEARCH_PATHS = "$(inherited) @executable_path/Frameworks @loader_path/Frameworks";
				PRODUCT_BUNDLE_IDENTIFIER = studio.zzz.PhenomenaTests;
				PRODUCT_NAME = "$(TARGET_NAME)";
				SWIFT_VERSION = 4.0;
				TARGETED_DEVICE_FAMILY = "1,2";
				TEST_HOST = "$(BUILT_PRODUCTS_DIR)/Phenomena.app/Phenomena";
			};
			name = Release;
		};
		129374F0200FA1940012B857 /* Debug */ = {
			isa = XCBuildConfiguration;
			baseConfigurationReference = E10EB7FB8FFF892059926351 /* Pods-PhenomenaUITests.debug.xcconfig */;
			buildSettings = {
				ALWAYS_EMBED_SWIFT_STANDARD_LIBRARIES = YES;
				CODE_SIGN_STYLE = Automatic;
				DEVELOPMENT_TEAM = 6M3X5J4BE6;
				INFOPLIST_FILE = PhenomenaUITests/Info.plist;
				LD_RUNPATH_SEARCH_PATHS = "$(inherited) @executable_path/Frameworks @loader_path/Frameworks";
				PRODUCT_BUNDLE_IDENTIFIER = studio.zzz.PhenomenaUITests;
				PRODUCT_NAME = "$(TARGET_NAME)";
				SWIFT_VERSION = 4.0;
				TARGETED_DEVICE_FAMILY = "1,2";
				TEST_TARGET_NAME = Phenomena;
			};
			name = Debug;
		};
		129374F1200FA1940012B857 /* Release */ = {
			isa = XCBuildConfiguration;
			baseConfigurationReference = B249173A4C0BD466543AEC80 /* Pods-PhenomenaUITests.release.xcconfig */;
			buildSettings = {
				ALWAYS_EMBED_SWIFT_STANDARD_LIBRARIES = YES;
				CODE_SIGN_STYLE = Automatic;
				DEVELOPMENT_TEAM = 6M3X5J4BE6;
				INFOPLIST_FILE = PhenomenaUITests/Info.plist;
				LD_RUNPATH_SEARCH_PATHS = "$(inherited) @executable_path/Frameworks @loader_path/Frameworks";
				PRODUCT_BUNDLE_IDENTIFIER = studio.zzz.PhenomenaUITests;
				PRODUCT_NAME = "$(TARGET_NAME)";
				SWIFT_VERSION = 4.0;
				TARGETED_DEVICE_FAMILY = "1,2";
				TEST_TARGET_NAME = Phenomena;
			};
			name = Release;
		};
/* End XCBuildConfiguration section */

/* Begin XCConfigurationList section */
		129374BC200FA1940012B857 /* Build configuration list for PBXProject "Phenomena" */ = {
			isa = XCConfigurationList;
			buildConfigurations = (
				129374E7200FA1940012B857 /* Debug */,
				129374E8200FA1940012B857 /* Release */,
			);
			defaultConfigurationIsVisible = 0;
			defaultConfigurationName = Release;
		};
		129374E9200FA1940012B857 /* Build configuration list for PBXNativeTarget "Phenomena" */ = {
			isa = XCConfigurationList;
			buildConfigurations = (
				129374EA200FA1940012B857 /* Debug */,
				129374EB200FA1940012B857 /* Release */,
			);
			defaultConfigurationIsVisible = 0;
			defaultConfigurationName = Release;
		};
		129374EC200FA1940012B857 /* Build configuration list for PBXNativeTarget "PhenomenaTests" */ = {
			isa = XCConfigurationList;
			buildConfigurations = (
				129374ED200FA1940012B857 /* Debug */,
				129374EE200FA1940012B857 /* Release */,
			);
			defaultConfigurationIsVisible = 0;
			defaultConfigurationName = Release;
		};
		129374EF200FA1940012B857 /* Build configuration list for PBXNativeTarget "PhenomenaUITests" */ = {
			isa = XCConfigurationList;
			buildConfigurations = (
				129374F0200FA1940012B857 /* Debug */,
				129374F1200FA1940012B857 /* Release */,
			);
			defaultConfigurationIsVisible = 0;
			defaultConfigurationName = Release;
		};
/* End XCConfigurationList section */
	};
	rootObject = 129374B9200FA1940012B857 /* Project object */;
}
